<?xml version="1.0" encoding="UTF-8"?>
<Scheme
   LastUpgradeVersion = "1130"
   version = "1.3">
   <BuildAction
      parallelizeBuildables = "YES"
      buildImplicitDependencies = "YES">
      <BuildActionEntries>
         <BuildActionEntry
            buildForTesting = "YES"
            buildForRunning = "YES"
            buildForProfiling = "YES"
            buildForArchiving = "YES"
            buildForAnalyzing = "YES">
            <BuildableReference
               BuildableIdentifier = "primary"
               BlueprintIdentifier = "TRETJapanNFCReader"
               BuildableName = "TRETJapanNFCReader"
               BlueprintName = "TRETJapanNFCReader"
               ReferencedContainer = "container:">
            </BuildableReference>
         </BuildActionEntry>
         <BuildActionEntry
            buildForTesting = "YES"
            buildForRunning = "YES"
            buildForProfiling = "YES"
            buildForArchiving = "YES"
            buildForAnalyzing = "YES">
            <BuildableReference
               BuildableIdentifier = "primary"
               BlueprintIdentifier = "TRETJapanNFCReader/Core"
               BuildableName = "TRETJapanNFCReader/Core"
               BlueprintName = "TRETJapanNFCReader/Core"
               ReferencedContainer = "container:">
            </BuildableReference>
         </BuildActionEntry>
         <BuildActionEntry
            buildForTesting = "YES"
            buildForRunning = "YES"
            buildForProfiling = "YES"
            buildForArchiving = "YES"
            buildForAnalyzing = "YES">
            <BuildableReference
               BuildableIdentifier = "primary"
               BlueprintIdentifier = "TRETJapanNFCReader/MIFARE"
               BuildableName = "TRETJapanNFCReader/MIFARE"
               BlueprintName = "TRETJapanNFCReader/MIFARE"
               ReferencedContainer = "container:">
            </BuildableReference>
         </BuildActionEntry>
         <BuildActionEntry
            buildForTesting = "YES"
            buildForRunning = "YES"
            buildForProfiling = "YES"
            buildForArchiving = "YES"
            buildForAnalyzing = "YES">
            <BuildableReference
               BuildableIdentifier = "primary"
               BlueprintIdentifier = "TRETJapanNFCReader/FeliCa"
               BuildableName = "TRETJapanNFCReader/FeliCa"
               BlueprintName = "TRETJapanNFCReader/FeliCa"
               ReferencedContainer = "container:">
            </BuildableReference>
         </BuildActionEntry>
         <BuildActionEntry
            buildForTesting = "YES"
            buildForRunning = "YES"
            buildForProfiling = "YES"
            buildForArchiving = "YES"
            buildForAnalyzing = "YES">
            <BuildableReference
               BuildableIdentifier = "primary"
               BlueprintIdentifier = "TRETJapanNFCReader/MIFARE/DriversLicense"
               BuildableName = "TRETJapanNFCReader/MIFARE/DriversLicense"
               BlueprintName = "TRETJapanNFCReader/MIFARE/DriversLicense"
               ReferencedContainer = "container:">
            </BuildableReference>
         </BuildActionEntry>
         <BuildActionEntry
            buildForTesting = "YES"
            buildForRunning = "YES"
            buildForProfiling = "YES"
            buildForArchiving = "YES"
            buildForAnalyzing = "YES">
            <BuildableReference
               BuildableIdentifier = "primary"
               BlueprintIdentifier = "TRETJapanNFCReader/FeliCa/TransitIC"
               BuildableName = "TRETJapanNFCReader/FeliCa/TransitIC"
               BlueprintName = "TRETJapanNFCReader/FeliCa/TransitIC"
               ReferencedContainer = "container:">
            </BuildableReference>
         </BuildActionEntry>
         <BuildActionEntry
            buildForTesting = "YES"
            buildForRunning = "YES"
            buildForProfiling = "YES"
            buildForArchiving = "YES"
            buildForAnalyzing = "YES">
            <BuildableReference
               BuildableIdentifier = "primary"
               BlueprintIdentifier = "TRETJapanNFCReader/FeliCa/FCFCampus"
               BuildableName = "TRETJapanNFCReader/FeliCa/FCFCampus"
               BlueprintName = "TRETJapanNFCReader/FeliCa/FCFCampus"
               ReferencedContainer = "container:">
            </BuildableReference>
         </BuildActionEntry>
         <BuildActionEntry
            buildForTesting = "YES"
            buildForRunning = "YES"
            buildForProfiling = "YES"
            buildForArchiving = "YES"
            buildForAnalyzing = "YES">
            <BuildableReference
               BuildableIdentifier = "primary"
               BlueprintIdentifier = "TRETJapanNFCReader/FeliCa/Nanaco"
               BuildableName = "TRETJapanNFCReader/FeliCa/Nanaco"
               BlueprintName = "TRETJapanNFCReader/FeliCa/Nanaco"
               ReferencedContainer = "container:">
            </BuildableReference>
         </BuildActionEntry>
         <BuildActionEntry
            buildForTesting = "YES"
            buildForRunning = "YES"
            buildForProfiling = "YES"
            buildForArchiving = "YES"
            buildForAnalyzing = "YES">
            <BuildableReference
               BuildableIdentifier = "primary"
               BlueprintIdentifier = "TRETJapanNFCReader/FeliCa/NTasu"
               BuildableName = "TRETJapanNFCReader/FeliCa/NTasu"
               BlueprintName = "TRETJapanNFCReader/FeliCa/NTasu"
               ReferencedContainer = "container:">
            </BuildableReference>
         </BuildActionEntry>
         <BuildActionEntry
            buildForTesting = "YES"
            buildForRunning = "YES"
            buildForProfiling = "YES"
            buildForArchiving = "YES"
            buildForAnalyzing = "YES">
            <BuildableReference
               BuildableIdentifier = "primary"
               BlueprintIdentifier = "TRETJapanNFCReader/FeliCa/Octopus"
               BuildableName = "TRETJapanNFCReader/FeliCa/Octopus"
               BlueprintName = "TRETJapanNFCReader/FeliCa/Octopus"
               ReferencedContainer = "container:">
            </BuildableReference>
         </BuildActionEntry>
         <BuildActionEntry
            buildForTesting = "YES"
            buildForRunning = "YES"
            buildForProfiling = "YES"
            buildForArchiving = "YES"
            buildForAnalyzing = "YES">
            <BuildableReference
               BuildableIdentifier = "primary"
               BlueprintIdentifier = "TRETJapanNFCReader/FeliCa/Okica"
               BuildableName = "TRETJapanNFCReader/FeliCa/Okica"
               BlueprintName = "TRETJapanNFCReader/FeliCa/Okica"
               ReferencedContainer = "container:">
            </BuildableReference>
         </BuildActionEntry>
         <BuildActionEntry
            buildForTesting = "YES"
            buildForRunning = "YES"
            buildForProfiling = "YES"
            buildForArchiving = "YES"
            buildForAnalyzing = "YES">
            <BuildableReference
               BuildableIdentifier = "primary"
               BlueprintIdentifier = "TRETJapanNFCReader/FeliCa/RakutenEdy"
               BuildableName = "TRETJapanNFCReader/FeliCa/RakutenEdy"
               BlueprintName = "TRETJapanNFCReader/FeliCa/RakutenEdy"
               ReferencedContainer = "container:">
            </BuildableReference>
         </BuildActionEntry>
         <BuildActionEntry
            buildForTesting = "YES"
            buildForRunning = "YES"
            buildForProfiling = "YES"
            buildForArchiving = "YES"
            buildForAnalyzing = "YES">
            <BuildableReference
               BuildableIdentifier = "primary"
               BlueprintIdentifier = "TRETJapanNFCReader/FeliCa/Ryuto"
               BuildableName = "TRETJapanNFCReader/FeliCa/Ryuto"
               BlueprintName = "TRETJapanNFCReader/FeliCa/Ryuto"
               ReferencedContainer = "container:">
            </BuildableReference>
         </BuildActionEntry>
         <BuildActionEntry
            buildForTesting = "YES"
            buildForRunning = "YES"
            buildForProfiling = "YES"
            buildForArchiving = "YES"
            buildForAnalyzing = "YES">
            <BuildableReference
               BuildableIdentifier = "primary"
               BlueprintIdentifier = "TRETJapanNFCReader/FeliCa/UnivCoopICPrepaid"
               BuildableName = "TRETJapanNFCReader/FeliCa/UnivCoopICPrepaid"
               BlueprintName = "TRETJapanNFCReader/FeliCa/UnivCoopICPrepaid"
               ReferencedContainer = "container:">
            </BuildableReference>
         </BuildActionEntry>
         <BuildActionEntry
            buildForTesting = "YES"
            buildForRunning = "YES"
            buildForProfiling = "YES"
            buildForArchiving = "YES"
            buildForAnalyzing = "YES">
            <BuildableReference
               BuildableIdentifier = "primary"
               BlueprintIdentifier = "TRETJapanNFCReader/FeliCa/Waon"
               BuildableName = "TRETJapanNFCReader/FeliCa/Waon"
               BlueprintName = "TRETJapanNFCReader/FeliCa/Waon"
               ReferencedContainer = "container:">
            </BuildableReference>
         </BuildActionEntry>
         <BuildActionEntry
            buildForTesting = "YES"
            buildForRunning = "YES"
            buildForProfiling = "YES"
            buildForArchiving = "YES"
            buildForAnalyzing = "YES">
            <BuildableReference
               BuildableIdentifier = "primary"
               BlueprintIdentifier = "TRETJapanNFCReader/MIFARE/IndividualNumber"
               BuildableName = "TRETJapanNFCReader/MIFARE/IndividualNumber"
               BlueprintName = "TRETJapanNFCReader/MIFARE/IndividualNumber"
               ReferencedContainer = "container:">
            </BuildableReference>
         </BuildActionEntry>
         <BuildActionEntry
            buildForTesting = "YES"
            buildForRunning = "YES"
            buildForProfiling = "YES"
            buildForArchiving = "YES"
            buildForAnalyzing = "YES">
            <BuildableReference
               BuildableIdentifier = "primary"
               BlueprintIdentifier = "TRETJapanNFCReader-Core"
               BuildableName = "TRETJapanNFCReader-Core"
               BlueprintName = "TRETJapanNFCReader-Core"
               ReferencedContainer = "container:">
            </BuildableReference>
         </BuildActionEntry>
         <BuildActionEntry
            buildForTesting = "YES"
            buildForRunning = "YES"
            buildForProfiling = "YES"
            buildForArchiving = "YES"
            buildForAnalyzing = "YES">
            <BuildableReference
               BuildableIdentifier = "primary"
               BlueprintIdentifier = "TRETJapanNFCReader-FeliCa"
               BuildableName = "TRETJapanNFCReader-FeliCa"
               BlueprintName = "TRETJapanNFCReader-FeliCa"
               ReferencedContainer = "container:">
            </BuildableReference>
         </BuildActionEntry>
         <BuildActionEntry
            buildForTesting = "YES"
            buildForRunning = "YES"
            buildForProfiling = "YES"
            buildForArchiving = "YES"
            buildForAnalyzing = "YES">
            <BuildableReference
               BuildableIdentifier = "primary"
               BlueprintIdentifier = "TRETJapanNFCReader-MIFARE"
               BuildableName = "TRETJapanNFCReader-MIFARE"
               BlueprintName = "TRETJapanNFCReader-MIFARE"
               ReferencedContainer = "container:">
            </BuildableReference>
         </BuildActionEntry>
         <BuildActionEntry
            buildForTesting = "YES"
            buildForRunning = "YES"
            buildForProfiling = "YES"
            buildForArchiving = "YES"
            buildForAnalyzing = "YES">
            <BuildableReference
               BuildableIdentifier = "primary"
               BlueprintIdentifier = "TRETJapanNFCReader-FeliCa-FCFCampus"
               BuildableName = "TRETJapanNFCReader-FeliCa-FCFCampus"
               BlueprintName = "TRETJapanNFCReader-FeliCa-FCFCampus"
               ReferencedContainer = "container:">
            </BuildableReference>
         </BuildActionEntry>
         <BuildActionEntry
            buildForTesting = "YES"
            buildForRunning = "YES"
            buildForProfiling = "YES"
            buildForArchiving = "YES"
            buildForAnalyzing = "YES">
            <BuildableReference
               BuildableIdentifier = "primary"
               BlueprintIdentifier = "TRETJapanNFCReader-FeliCa-Nanaco"
               BuildableName = "TRETJapanNFCReader-FeliCa-Nanaco"
               BlueprintName = "TRETJapanNFCReader-FeliCa-Nanaco"
               ReferencedContainer = "container:">
            </BuildableReference>
         </BuildActionEntry>
         <BuildActionEntry
            buildForTesting = "YES"
            buildForRunning = "YES"
            buildForProfiling = "YES"
            buildForArchiving = "YES"
            buildForAnalyzing = "YES">
            <BuildableReference
               BuildableIdentifier = "primary"
               BlueprintIdentifier = "TRETJapanNFCReader-FeliCa-NTasu"
               BuildableName = "TRETJapanNFCReader-FeliCa-NTasu"
               BlueprintName = "TRETJapanNFCReader-FeliCa-NTasu"
               ReferencedContainer = "container:">
            </BuildableReference>
         </BuildActionEntry>
         <BuildActionEntry
            buildForTesting = "YES"
            buildForRunning = "YES"
            buildForProfiling = "YES"
            buildForArchiving = "YES"
            buildForAnalyzing = "YES">
            <BuildableReference
               BuildableIdentifier = "primary"
               BlueprintIdentifier = "TRETJapanNFCReader-FeliCa-Octopus"
               BuildableName = "TRETJapanNFCReader-FeliCa-Octopus"
               BlueprintName = "TRETJapanNFCReader-FeliCa-Octopus"
               ReferencedContainer = "container:">
            </BuildableReference>
         </BuildActionEntry>
         <BuildActionEntry
            buildForTesting = "YES"
            buildForRunning = "YES"
            buildForProfiling = "YES"
            buildForArchiving = "YES"
            buildForAnalyzing = "YES">
            <BuildableReference
               BuildableIdentifier = "primary"
               BlueprintIdentifier = "TRETJapanNFCReader-FeliCa-Okica"
               BuildableName = "TRETJapanNFCReader-FeliCa-Okica"
               BlueprintName = "TRETJapanNFCReader-FeliCa-Okica"
               ReferencedContainer = "container:">
            </BuildableReference>
         </BuildActionEntry>
         <BuildActionEntry
            buildForTesting = "YES"
            buildForRunning = "YES"
            buildForProfiling = "YES"
            buildForArchiving = "YES"
            buildForAnalyzing = "YES">
            <BuildableReference
               BuildableIdentifier = "primary"
               BlueprintIdentifier = "TRETJapanNFCReader-FeliCa-RakutenEdy"
               BuildableName = "TRETJapanNFCReader-FeliCa-RakutenEdy"
               BlueprintName = "TRETJapanNFCReader-FeliCa-RakutenEdy"
               ReferencedContainer = "container:">
            </BuildableReference>
         </BuildActionEntry>
         <BuildActionEntry
            buildForTesting = "YES"
            buildForRunning = "YES"
            buildForProfiling = "YES"
            buildForArchiving = "YES"
            buildForAnalyzing = "YES">
            <BuildableReference
               BuildableIdentifier = "primary"
               BlueprintIdentifier = "TRETJapanNFCReader-FeliCa-Ryuto"
               BuildableName = "TRETJapanNFCReader-FeliCa-Ryuto"
               BlueprintName = "TRETJapanNFCReader-FeliCa-Ryuto"
               ReferencedContainer = "container:">
            </BuildableReference>
         </BuildActionEntry>
         <BuildActionEntry
            buildForTesting = "YES"
            buildForRunning = "YES"
            buildForProfiling = "YES"
            buildForArchiving = "YES"
            buildForAnalyzing = "YES">
            <BuildableReference
               BuildableIdentifier = "primary"
               BlueprintIdentifier = "TRETJapanNFCReader-FeliCa-TransitIC"
               BuildableName = "TRETJapanNFCReader-FeliCa-TransitIC"
               BlueprintName = "TRETJapanNFCReader-FeliCa-TransitIC"
               ReferencedContainer = "container:">
            </BuildableReference>
         </BuildActionEntry>
         <BuildActionEntry
            buildForTesting = "YES"
            buildForRunning = "YES"
            buildForProfiling = "YES"
            buildForArchiving = "YES"
            buildForAnalyzing = "YES">
            <BuildableReference
               BuildableIdentifier = "primary"
               BlueprintIdentifier = "TRETJapanNFCReader-FeliCa-UnivCoopICPrepaid"
               BuildableName = "TRETJapanNFCReader-FeliCa-UnivCoopICPrepaid"
               BlueprintName = "TRETJapanNFCReader-FeliCa-UnivCoopICPrepaid"
               ReferencedContainer = "container:">
            </BuildableReference>
         </BuildActionEntry>
         <BuildActionEntry
            buildForTesting = "YES"
            buildForRunning = "YES"
            buildForProfiling = "YES"
            buildForArchiving = "YES"
            buildForAnalyzing = "YES">
            <BuildableReference
               BuildableIdentifier = "primary"
               BlueprintIdentifier = "TRETJapanNFCReader-FeliCa-Waon"
               BuildableName = "TRETJapanNFCReader-FeliCa-Waon"
               BlueprintName = "TRETJapanNFCReader-FeliCa-Waon"
               ReferencedContainer = "container:">
            </BuildableReference>
         </BuildActionEntry>
         <BuildActionEntry
            buildForTesting = "YES"
            buildForRunning = "YES"
            buildForProfiling = "YES"
            buildForArchiving = "YES"
            buildForAnalyzing = "YES">
            <BuildableReference
               BuildableIdentifier = "primary"
               BlueprintIdentifier = "TRETJapanNFCReader-MIFARE-DriversLicense"
               BuildableName = "TRETJapanNFCReader-MIFARE-DriversLicense"
               BlueprintName = "TRETJapanNFCReader-MIFARE-DriversLicense"
               ReferencedContainer = "container:">
            </BuildableReference>
         </BuildActionEntry>
         <BuildActionEntry
            buildForTesting = "YES"
            buildForRunning = "YES"
            buildForProfiling = "YES"
            buildForArchiving = "YES"
            buildForAnalyzing = "YES">
            <BuildableReference
               BuildableIdentifier = "primary"
               BlueprintIdentifier = "TRETJapanNFCReader-MIFARE-IndividualNumber"
               BuildableName = "TRETJapanNFCReader-MIFARE-IndividualNumber"
               BlueprintName = "TRETJapanNFCReader-MIFARE-IndividualNumber"
               ReferencedContainer = "container:">
            </BuildableReference>
         </BuildActionEntry>
      </BuildActionEntries>
   </BuildAction>
   <TestAction
      buildConfiguration = "Debug"
      selectedDebuggerIdentifier = "Xcode.DebuggerFoundation.Debugger.LLDB"
      selectedLauncherIdentifier = "Xcode.DebuggerFoundation.Launcher.LLDB"
      shouldUseLaunchSchemeArgsEnv = "YES">
      <Testables>
      </Testables>
   </TestAction>
   <LaunchAction
      buildConfiguration = "Debug"
      selectedDebuggerIdentifier = "Xcode.DebuggerFoundation.Debugger.LLDB"
      selectedLauncherIdentifier = "Xcode.DebuggerFoundation.Launcher.LLDB"
      launchStyle = "0"
      useCustomWorkingDirectory = "NO"
      ignoresPersistentStateOnLaunch = "NO"
      debugDocumentVersioning = "YES"
      debugServiceExtension = "internal"
      allowLocationSimulation = "YES">
   </LaunchAction>
   <ProfileAction
      buildConfiguration = "Release"
      shouldUseLaunchSchemeArgsEnv = "YES"
      savedToolIdentifier = ""
      useCustomWorkingDirectory = "NO"
      debugDocumentVersioning = "YES">
      <MacroExpansion>
         <BuildableReference
            BuildableIdentifier = "primary"
            BlueprintIdentifier = "TRETJapanNFCReader"
            BuildableName = "TRETJapanNFCReader"
            BlueprintName = "TRETJapanNFCReader"
            ReferencedContainer = "container:">
         </BuildableReference>
      </MacroExpansion>
   </ProfileAction>
   <AnalyzeAction
      buildConfiguration = "Debug">
   </AnalyzeAction>
   <ArchiveAction
      buildConfiguration = "Release"
      revealArchiveInOrganizer = "YES">
   </ArchiveAction>
</Scheme>
