// !$*UTF8*$!
{
	archiveVersion = 1;
	classes = {
	};
	objectVersion = 56;
	objects = {

/* Begin PBXBuildFile section */
		CBBF3F6928D8C376009D3E0E /* TRETNFCKitExampleApp.swift in Sources */ = {isa = PBXBuildFile; fileRef = CBBF3F6828D8C376009D3E0E /* TRETNFCKitExampleApp.swift */; };
		CBBF3F6B28D8C376009D3E0E /* NFCTagReaderExampleView.swift in Sources */ = {isa = PBXBuildFile; fileRef = CBBF3F6A28D8C376009D3E0E /* NFCTagReaderExampleView.swift */; };
		CBBF3F6D28D8C377009D3E0E /* Assets.xcassets in Resources */ = {isa = PBXBuildFile; fileRef = CBBF3F6C28D8C377009D3E0E /* Assets.xcassets */; };
		CBBF3F7B28D8C67C009D3E0E /* TRETNFCKit in Frameworks */ = {isa = PBXBuildFile; productRef = CBBF3F7A28D8C67C009D3E0E /* TRETNFCKit */; };
		CBC4D9BB28DDDAE300DA7042 /* NFCNDEFMessageReaderExampleView.swift in Sources */ = {isa = PBXBuildFile; fileRef = CBC4D9BA28DDDAE300DA7042 /* NFCNDEFMessageReaderExampleView.swift */; };
/* End PBXBuildFile section */

/* Begin PBXFileReference section */
		CBBF3F6528D8C376009D3E0E /* TRETNFCKitExample.app */ = {isa = PBXFileReference; explicitFileType = wrapper.application; includeInIndex = 0; path = TRETNFCKitExample.app; sourceTree = BUILT_PRODUCTS_DIR; };
		CBBF3F6828D8C376009D3E0E /* TRETNFCKitExampleApp.swift */ = {isa = PBXFileReference; lastKnownFileType = sourcecode.swift; path = TRETNFCKitExampleApp.swift; sourceTree = "<group>"; };
		CBBF3F6A28D8C376009D3E0E /* NFCTagReaderExampleView.swift */ = {isa = PBXFileReference; lastKnownFileType = sourcecode.swift; path = NFCTagReaderExampleView.swift; sourceTree = "<group>"; };
		CBBF3F6C28D8C377009D3E0E /* Assets.xcassets */ = {isa = PBXFileReference; lastKnownFileType = folder.assetcatalog; path = Assets.xcassets; sourceTree = "<group>"; };
		CBBF3F7628D8C51D009D3E0E /* Disambiguator.xcconfig */ = {isa = PBXFileReference; lastKnownFileType = text.xcconfig; path = Disambiguator.xcconfig; sourceTree = "<group>"; };
		CBBF3F7828D8C66A009D3E0E /* TRETNFCKit */ = {isa = PBXFileReference; lastKnownFileType = wrapper; name = TRETNFCKit; path = ..; sourceTree = "<group>"; };
		CBBF3F7C28D8CCA0009D3E0E /* TRETNFCKitExample.entitlements */ = {isa = PBXFileReference; lastKnownFileType = text.plist.entitlements; path = TRETNFCKitExample.entitlements; sourceTree = "<group>"; };
		CBBF3F7D28D8D3A6009D3E0E /* Info.plist */ = {isa = PBXFileReference; lastKnownFileType = text.plist; path = Info.plist; sourceTree = "<group>"; };
		CBC4D9BA28DDDAE300DA7042 /* NFCNDEFMessageReaderExampleView.swift */ = {isa = PBXFileReference; lastKnownFileType = sourcecode.swift; path = NFCNDEFMessageReaderExampleView.swift; sourceTree = "<group>"; };
/* End PBXFileReference section */

/* Begin PBXFrameworksBuildPhase section */
		CBBF3F6228D8C376009D3E0E /* Frameworks */ = {
			isa = PBXFrameworksBuildPhase;
			buildActionMask = 2147483647;
			files = (
				CBBF3F7B28D8C67C009D3E0E /* TRETNFCKit in Frameworks */,
			);
			runOnlyForDeploymentPostprocessing = 0;
		};
/* End PBXFrameworksBuildPhase section */

/* Begin PBXGroup section */
		CBBF3F5C28D8C376009D3E0E = {
			isa = PBXGroup;
			children = (
				CBBF3F7728D8C66A009D3E0E /* Packages */,
				CBBF3F7628D8C51D009D3E0E /* Disambiguator.xcconfig */,
				CBBF3F6728D8C376009D3E0E /* TRETNFCKitExample */,
				CBBF3F6628D8C376009D3E0E /* Products */,
				CBBF3F7928D8C67C009D3E0E /* Frameworks */,
			);
			sourceTree = "<group>";
		};
		CBBF3F6628D8C376009D3E0E /* Products */ = {
			isa = PBXGroup;
			children = (
				CBBF3F6528D8C376009D3E0E /* TRETNFCKitExample.app */,
			);
			name = Products;
			sourceTree = "<group>";
		};
		CBBF3F6728D8C376009D3E0E /* TRETNFCKitExample */ = {
			isa = PBXGroup;
			children = (
				CBBF3F7D28D8D3A6009D3E0E /* Info.plist */,
				CBBF3F7C28D8CCA0009D3E0E /* TRETNFCKitExample.entitlements */,
				CBBF3F6828D8C376009D3E0E /* TRETNFCKitExampleApp.swift */,
				CBC4D9BA28DDDAE300DA7042 /* NFCNDEFMessageReaderExampleView.swift */,
				CBBF3F6A28D8C376009D3E0E /* NFCTagReaderExampleView.swift */,
				CBBF3F6C28D8C377009D3E0E /* Assets.xcassets */,
			);
			path = TRETNFCKitExample;
			sourceTree = "<group>";
		};
		CBBF3F7728D8C66A009D3E0E /* Packages */ = {
			isa = PBXGroup;
			children = (
				CBBF3F7828D8C66A009D3E0E /* TRETNFCKit */,
			);
			name = Packages;
			sourceTree = "<group>";
		};
		CBBF3F7928D8C67C009D3E0E /* Frameworks */ = {
			isa = PBXGroup;
			children = (
			);
			name = Frameworks;
			sourceTree = "<group>";
		};
/* End PBXGroup section */

/* Begin PBXNativeTarget section */
		CBBF3F6428D8C376009D3E0E /* TRETNFCKitExample */ = {
			isa = PBXNativeTarget;
			buildConfigurationList = CBBF3F7328D8C377009D3E0E /* Build configuration list for PBXNativeTarget "TRETNFCKitExample" */;
			buildPhases = (
				CBBF3F6128D8C376009D3E0E /* Sources */,
				CBBF3F6228D8C376009D3E0E /* Frameworks */,
				CBBF3F6328D8C376009D3E0E /* Resources */,
			);
			buildRules = (
			);
			dependencies = (
			);
			name = TRETNFCKitExample;
			packageProductDependencies = (
				CBBF3F7A28D8C67C009D3E0E /* TRETNFCKit */,
			);
			productName = TRETNFCKitExample;
			productReference = CBBF3F6528D8C376009D3E0E /* TRETNFCKitExample.app */;
			productType = "com.apple.product-type.application";
		};
/* End PBXNativeTarget section */

/* Begin PBXProject section */
		CBBF3F5D28D8C376009D3E0E /* Project object */ = {
			isa = PBXProject;
			attributes = {
				BuildIndependentTargetsInParallel = 1;
				LastSwiftUpdateCheck = 1400;
				LastUpgradeCheck = 1400;
				TargetAttributes = {
					CBBF3F6428D8C376009D3E0E = {
						CreatedOnToolsVersion = 14.0.1;
					};
				};
			};
			buildConfigurationList = CBBF3F6028D8C376009D3E0E /* Build configuration list for PBXProject "TRETNFCKitExample" */;
			compatibilityVersion = "Xcode 14.0";
			developmentRegion = en;
			hasScannedForEncodings = 0;
			knownRegions = (
				en,
				Base,
			);
			mainGroup = CBBF3F5C28D8C376009D3E0E;
			productRefGroup = CBBF3F6628D8C376009D3E0E /* Products */;
			projectDirPath = "";
			projectRoot = "";
			targets = (
				CBBF3F6428D8C376009D3E0E /* TRETNFCKitExample */,
			);
		};
/* End PBXProject section */

/* Begin PBXResourcesBuildPhase section */
		CBBF3F6328D8C376009D3E0E /* Resources */ = {
			isa = PBXResourcesBuildPhase;
			buildActionMask = 2147483647;
			files = (
				CBBF3F6D28D8C377009D3E0E /* Assets.xcassets in Resources */,
			);
			runOnlyForDeploymentPostprocessing = 0;
		};
/* End PBXResourcesBuildPhase section */

/* Begin PBXSourcesBuildPhase section */
		CBBF3F6128D8C376009D3E0E /* Sources */ = {
			isa = PBXSourcesBuildPhase;
			buildActionMask = 2147483647;
			files = (
				CBBF3F6B28D8C376009D3E0E /* NFCTagReaderExampleView.swift in Sources */,
				CBBF3F6928D8C376009D3E0E /* TRETNFCKitExampleApp.swift in Sources */,
				CBC4D9BB28DDDAE300DA7042 /* NFCNDEFMessageReaderExampleView.swift in Sources */,
			);
			runOnlyForDeploymentPostprocessing = 0;
		};
/* End PBXSourcesBuildPhase section */

/* Begin XCBuildConfiguration section */
		CBBF3F7128D8C377009D3E0E /* Debug */ = {
			isa = XCBuildConfiguration;
			baseConfigurationReference = CBBF3F7628D8C51D009D3E0E /* Disambiguator.xcconfig */;
			buildSettings = {
				ALWAYS_SEARCH_USER_PATHS = NO;
				CLANG_ANALYZER_NONNULL = YES;
				CLANG_ANALYZER_NUMBER_OBJECT_CONVERSION = YES_AGGRESSIVE;
				CLANG_CXX_LANGUAGE_STANDARD = "gnu++20";
				CLANG_ENABLE_MODULES = YES;
				CLANG_ENABLE_OBJC_ARC = YES;
				CLANG_ENABLE_OBJC_WEAK = YES;
				CLANG_WARN_BLOCK_CAPTURE_AUTORELEASING = YES;
				CLANG_WARN_BOOL_CONVERSION = YES;
				CLANG_WARN_COMMA = YES;
				CLANG_WARN_CONSTANT_CONVERSION = YES;
				CLANG_WARN_DEPRECATED_OBJC_IMPLEMENTATIONS = YES;
				CLANG_WARN_DIRECT_OBJC_ISA_USAGE = YES_ERROR;
				CLANG_WARN_DOCUMENTATION_COMMENTS = YES;
				CLANG_WARN_EMPTY_BODY = YES;
				CLANG_WARN_ENUM_CONVERSION = YES;
				CLANG_WARN_INFINITE_RECURSION = YES;
				CLANG_WARN_INT_CONVERSION = YES;
				CLANG_WARN_NON_LITERAL_NULL_CONVERSION = YES;
				CLANG_WARN_OBJC_IMPLICIT_RETAIN_SELF = YES;
				CLANG_WARN_OBJC_LITERAL_CONVERSION = YES;
				CLANG_WARN_OBJC_ROOT_CLASS = YES_ERROR;
				CLANG_WARN_QUOTED_INCLUDE_IN_FRAMEWORK_HEADER = YES;
				CLANG_WARN_RANGE_LOOP_ANALYSIS = YES;
				CLANG_WARN_STRICT_PROTOTYPES = YES;
				CLANG_WARN_SUSPICIOUS_MOVE = YES;
				CLANG_WARN_UNGUARDED_AVAILABILITY = YES_AGGRESSIVE;
				CLANG_WARN_UNREACHABLE_CODE = YES;
				CLANG_WARN__DUPLICATE_METHOD_MATCH = YES;
				COPY_PHASE_STRIP = NO;
				DEBUG_INFORMATION_FORMAT = dwarf;
				ENABLE_STRICT_OBJC_MSGSEND = YES;
				ENABLE_TESTABILITY = YES;
				GCC_C_LANGUAGE_STANDARD = gnu11;
				GCC_DYNAMIC_NO_PIC = NO;
				GCC_NO_COMMON_BLOCKS = YES;
				GCC_OPTIMIZATION_LEVEL = 0;
				GCC_PREPROCESSOR_DEFINITIONS = (
					"DEBUG=1",
					"$(inherited)",
				);
				GCC_WARN_64_TO_32_BIT_CONVERSION = YES;
				GCC_WARN_ABOUT_RETURN_TYPE = YES_ERROR;
				GCC_WARN_UNDECLARED_SELECTOR = YES;
				GCC_WARN_UNINITIALIZED_AUTOS = YES_AGGRESSIVE;
				GCC_WARN_UNUSED_FUNCTION = YES;
				GCC_WARN_UNUSED_VARIABLE = YES;
				IPHONEOS_DEPLOYMENT_TARGET = 16.0;
				MTL_ENABLE_DEBUG_INFO = INCLUDE_SOURCE;
				MTL_FAST_MATH = YES;
				ONLY_ACTIVE_ARCH = YES;
				SDKROOT = iphoneos;
				SWIFT_ACTIVE_COMPILATION_CONDITIONS = DEBUG;
				SWIFT_OPTIMIZATION_LEVEL = "-Onone";
			};
			name = Debug;
		};
		CBBF3F7228D8C377009D3E0E /* Release */ = {
			isa = XCBuildConfiguration;
			baseConfigurationReference = CBBF3F7628D8C51D009D3E0E /* Disambiguator.xcconfig */;
			buildSettings = {
				ALWAYS_SEARCH_USER_PATHS = NO;
				CLANG_ANALYZER_NONNULL = YES;
				CLANG_ANALYZER_NUMBER_OBJECT_CONVERSION = YES_AGGRESSIVE;
				CLANG_CXX_LANGUAGE_STANDARD = "gnu++20";
				CLANG_ENABLE_MODULES = YES;
				CLANG_ENABLE_OBJC_ARC = YES;
				CLANG_ENABLE_OBJC_WEAK = YES;
				CLANG_WARN_BLOCK_CAPTURE_AUTORELEASING = YES;
				CLANG_WARN_BOOL_CONVERSION = YES;
				CLANG_WARN_COMMA = YES;
				CLANG_WARN_CONSTANT_CONVERSION = YES;
				CLANG_WARN_DEPRECATED_OBJC_IMPLEMENTATIONS = YES;
				CLANG_WARN_DIRECT_OBJC_ISA_USAGE = YES_ERROR;
				CLANG_WARN_DOCUMENTATION_COMMENTS = YES;
				CLANG_WARN_EMPTY_BODY = YES;
				CLANG_WARN_ENUM_CONVERSION = YES;
				CLANG_WARN_INFINITE_RECURSION = YES;
				CLANG_WARN_INT_CONVERSION = YES;
				CLANG_WARN_NON_LITERAL_NULL_CONVERSION = YES;
				CLANG_WARN_OBJC_IMPLICIT_RETAIN_SELF = YES;
				CLANG_WARN_OBJC_LITERAL_CONVERSION = YES;
				CLANG_WARN_OBJC_ROOT_CLASS = YES_ERROR;
				CLANG_WARN_QUOTED_INCLUDE_IN_FRAMEWORK_HEADER = YES;
				CLANG_WARN_RANGE_LOOP_ANALYSIS = YES;
				CLANG_WARN_STRICT_PROTOTYPES = YES;
				CLANG_WARN_SUSPICIOUS_MOVE = YES;
				CLANG_WARN_UNGUARDED_AVAILABILITY = YES_AGGRESSIVE;
				CLANG_WARN_UNREACHABLE_CODE = YES;
				CLANG_WARN__DUPLICATE_METHOD_MATCH = YES;
				COPY_PHASE_STRIP = NO;
				DEBUG_INFORMATION_FORMAT = "dwarf-with-dsym";
				ENABLE_NS_ASSERTIONS = NO;
				ENABLE_STRICT_OBJC_MSGSEND = YES;
				GCC_C_LANGUAGE_STANDARD = gnu11;
				GCC_NO_COMMON_BLOCKS = YES;
				GCC_WARN_64_TO_32_BIT_CONVERSION = YES;
				GCC_WARN_ABOUT_RETURN_TYPE = YES_ERROR;
				GCC_WARN_UNDECLARED_SELECTOR = YES;
				GCC_WARN_UNINITIALIZED_AUTOS = YES_AGGRESSIVE;
				GCC_WARN_UNUSED_FUNCTION = YES;
				GCC_WARN_UNUSED_VARIABLE = YES;
				IPHONEOS_DEPLOYMENT_TARGET = 16.0;
				MTL_ENABLE_DEBUG_INFO = NO;
				MTL_FAST_MATH = YES;
				SDKROOT = iphoneos;
				SWIFT_COMPILATION_MODE = wholemodule;
				SWIFT_OPTIMIZATION_LEVEL = "-O";
				VALIDATE_PRODUCT = YES;
			};
			name = Release;
		};
		CBBF3F7428D8C377009D3E0E /* Debug */ = {
			isa = XCBuildConfiguration;
			baseConfigurationReference = CBBF3F7628D8C51D009D3E0E /* Disambiguator.xcconfig */;
			buildSettings = {
				ASSETCATALOG_COMPILER_APPICON_NAME = AppIcon;
				ASSETCATALOG_COMPILER_GLOBAL_ACCENT_COLOR_NAME = AccentColor;
				CODE_SIGN_ENTITLEMENTS = TRETNFCKitExample/TRETNFCKitExample.entitlements;
				CODE_SIGN_STYLE = Automatic;
				CURRENT_PROJECT_VERSION = 1;
				DEVELOPMENT_ASSET_PATHS = "";
				DEVELOPMENT_TEAM = "";
				ENABLE_PREVIEWS = YES;
				GENERATE_INFOPLIST_FILE = YES;
				INFOPLIST_FILE = TRETNFCKitExample/Info.plist;
				INFOPLIST_KEY_NFCReaderUsageDescription = "Scan the tag.";
				INFOPLIST_KEY_UIApplicationSceneManifest_Generation = YES;
				INFOPLIST_KEY_UIApplicationSupportsIndirectInputEvents = YES;
				INFOPLIST_KEY_UILaunchScreen_Generation = YES;
				INFOPLIST_KEY_UISupportedInterfaceOrientations_iPad = "UIInterfaceOrientationPortrait UIInterfaceOrientationPortraitUpsideDown UIInterfaceOrientationLandscapeLeft UIInterfaceOrientationLandscapeRight";
				INFOPLIST_KEY_UISupportedInterfaceOrientations_iPhone = "UIInterfaceOrientationPortrait UIInterfaceOrientationLandscapeLeft UIInterfaceOrientationLandscapeRight";
				LD_RUNPATH_SEARCH_PATHS = (
					"$(inherited)",
					"@executable_path/Frameworks",
				);
				MARKETING_VERSION = 1.0;
				PRODUCT_BUNDLE_IDENTIFIER = "com.example.jp.tret.TRETNFCKitExample${DISAMBIGUATOR}";
				PRODUCT_NAME = "$(TARGET_NAME)";
				SWIFT_EMIT_LOC_STRINGS = YES;
				SWIFT_VERSION = 5.0;
				TARGETED_DEVICE_FAMILY = "1,2";
			};
			name = Debug;
		};
		CBBF3F7528D8C377009D3E0E /* Release */ = {
			isa = XCBuildConfiguration;
			baseConfigurationReference = CBBF3F7628D8C51D009D3E0E /* Disambiguator.xcconfig */;
			buildSettings = {
				ASSETCATALOG_COMPILER_APPICON_NAME = AppIcon;
				ASSETCATALOG_COMPILER_GLOBAL_ACCENT_COLOR_NAME = AccentColor;
				CODE_SIGN_ENTITLEMENTS = TRETNFCKitExample/TRETNFCKitExample.entitlements;
				CODE_SIGN_STYLE = Automatic;
				CURRENT_PROJECT_VERSION = 1;
				DEVELOPMENT_ASSET_PATHS = "";
				DEVELOPMENT_TEAM = "";
				ENABLE_PREVIEWS = YES;
				GENERATE_INFOPLIST_FILE = YES;
				INFOPLIST_FILE = TRETNFCKitExample/Info.plist;
				INFOPLIST_KEY_NFCReaderUsageDescription = "Scan the tag.";
				INFOPLIST_KEY_UIApplicationSceneManifest_Generation = YES;
				INFOPLIST_KEY_UIApplicationSupportsIndirectInputEvents = YES;
				INFOPLIST_KEY_UILaunchScreen_Generation = YES;
				INFOPLIST_KEY_UISupportedInterfaceOrientations_iPad = "UIInterfaceOrientationPortrait UIInterfaceOrientationPortraitUpsideDown UIInterfaceOrientationLandscapeLeft UIInterfaceOrientationLandscapeRight";
				INFOPLIST_KEY_UISupportedInterfaceOrientations_iPhone = "UIInterfaceOrientationPortrait UIInterfaceOrientationLandscapeLeft UIInterfaceOrientationLandscapeRight";
				LD_RUNPATH_SEARCH_PATHS = (
					"$(inherited)",
					"@executable_path/Frameworks",
				);
				MARKETING_VERSION = 1.0;
				PRODUCT_BUNDLE_IDENTIFIER = "com.example.jp.tret.TRETNFCKitExample${DISAMBIGUATOR}";
				PRODUCT_NAME = "$(TARGET_NAME)";
				SWIFT_EMIT_LOC_STRINGS = YES;
				SWIFT_VERSION = 5.0;
				TARGETED_DEVICE_FAMILY = "1,2";
			};
			name = Release;
		};
/* End XCBuildConfiguration section */

/* Begin XCConfigurationList section */
		CBBF3F6028D8C376009D3E0E /* Build configuration list for PBXProject "TRETNFCKitExample" */ = {
			isa = XCConfigurationList;
			buildConfigurations = (
				CBBF3F7128D8C377009D3E0E /* Debug */,
				CBBF3F7228D8C377009D3E0E /* Release */,
			);
			defaultConfigurationIsVisible = 0;
			defaultConfigurationName = Release;
		};
		CBBF3F7328D8C377009D3E0E /* Build configuration list for PBXNativeTarget "TRETNFCKitExample" */ = {
			isa = XCConfigurationList;
			buildConfigurations = (
				CBBF3F7428D8C377009D3E0E /* Debug */,
				CBBF3F7528D8C377009D3E0E /* Release */,
			);
			defaultConfigurationIsVisible = 0;
			defaultConfigurationName = Release;
		};
/* End XCConfigurationList section */

/* Begin XCSwiftPackageProductDependency section */
		CBBF3F7A28D8C67C009D3E0E /* TRETNFCKit */ = {
			isa = XCSwiftPackageProductDependency;
			productName = TRETNFCKit;
		};
/* End XCSwiftPackageProductDependency section */
	};
	rootObject = CBBF3F5D28D8C376009D3E0E /* Project object */;
}
